
Microsoft Visual Studio Solution File, Format Version 12.00
# Visual Studio Version 16
VisualStudioVersion = 16.0.30517.126
MinimumVisualStudioVersion = 10.0.40219.1
Project("{FAE04EC0-301F-11D3-BF4B-00C04F79EFBC}") = "Third_Assignment", "Third_Assignment\Third_Assignment.csproj", "{E64F319B-A9D9-436F-8E0D-FBFFDAB2E909}"
EndProject
Global
	GlobalSection(SolutionConfigurationPlatforms) = preSolution
		Debug|Any CPU = Debug|Any CPU
		Release|Any CPU = Release|Any CPU
	EndGlobalSection
	GlobalSection(ProjectConfigurationPlatforms) = postSolution
		{E64F319B-A9D9-436F-8E0D-FBFFDAB2E909}.Debug|Any CPU.ActiveCfg = Debug|Any CPU
		{E64F319B-A9D9-436F-8E0D-FBFFDAB2E909}.Debug|Any CPU.Build.0 = Debug|Any CPU
		{E64F319B-A9D9-436F-8E0D-FBFFDAB2E909}.Release|Any CPU.ActiveCfg = Release|Any CPU
		{E64F319B-A9D9-436F-8E0D-FBFFDAB2E909}.Release|Any CPU.Build.0 = Release|Any CPU
	EndGlobalSection
	GlobalSection(SolutionProperties) = preSolution
		HideSolutionNode = FALSE
	EndGlobalSection
	GlobalSection(ExtensibilityGlobals) = postSolution
		SolutionGuid = {77A64391-7080-4311-BFC2-7BEC37AEA1D1}
	EndGlobalSection
EndGlobal
